
Microsoft Visual Studio Solution File, Format Version 12.00
# Visual Studio Version 17
VisualStudioVersion = 17.1.32421.90
MinimumVisualStudioVersion = 10.0.40219.1
Project("{9A19103F-16F7-4668-BE54-9A1E7A4F7556}") = "MancalaGame", "MancalaGame\MancalaGame.csproj", "{F1B49711-7139-4E26-90BD-336221ED91CA}"
EndProject
Project("{FAE04EC0-301F-11D3-BF4B-00C04F79EFBC}") = "TestMancala", "TestMancala\TestMancala.csproj", "{8C43D91D-238B-4C54-92FD-C407A480B33E}"
EndProject
Global
	GlobalSection(SolutionConfigurationPlatforms) = preSolution
		Debug|Any CPU = Debug|Any CPU
		Release|Any CPU = Release|Any CPU
	EndGlobalSection
	GlobalSection(ProjectConfigurationPlatforms) = postSolution
		{F1B49711-7139-4E26-90BD-336221ED91CA}.Debug|Any CPU.ActiveCfg = Debug|Any CPU
		{F1B49711-7139-4E26-90BD-336221ED91CA}.Debug|Any CPU.Build.0 = Debug|Any CPU
		{F1B49711-7139-4E26-90BD-336221ED91CA}.Release|Any CPU.ActiveCfg = Release|Any CPU
		{F1B49711-7139-4E26-90BD-336221ED91CA}.Release|Any CPU.Build.0 = Release|Any CPU
		{8C43D91D-238B-4C54-92FD-C407A480B33E}.Debug|Any CPU.ActiveCfg = Debug|Any CPU
		{8C43D91D-238B-4C54-92FD-C407A480B33E}.Debug|Any CPU.Build.0 = Debug|Any CPU
		{8C43D91D-238B-4C54-92FD-C407A480B33E}.Release|Any CPU.ActiveCfg = Release|Any CPU
		{8C43D91D-238B-4C54-92FD-C407A480B33E}.Release|Any CPU.Build.0 = Release|Any CPU
	EndGlobalSection
	GlobalSection(SolutionProperties) = preSolution
		HideSolutionNode = FALSE
	EndGlobalSection
	GlobalSection(ExtensibilityGlobals) = postSolution
		SolutionGuid = {E26D9C92-D6A1-45E9-9BAC-FC2636B17422}
	EndGlobalSection
EndGlobal
